{
  "name": "Node-Syslog",
  "lockfileVersion": 2,
  "requires": true,
  "packages": {
    "": {
      "dependencies": {
        "syslog": "^0.1.1-1"
      }
    },
    "node_modules/syslog": {
      "version": "0.1.1-1",
      "resolved": "https://registry.npmjs.org/syslog/-/syslog-0.1.1-1.tgz",
      "integrity": "sha512-7fn4sikkTRrc4kZk/i/ItCktnPD2qG+nKmgTVcuLr2VrY2V9adNhw9fN02HL6rTthwu2Og9Icr1GxZlaLp39Lg==",
      "engines": {
        "node": ">=0.4.2"
      }
    }
  },
  "dependencies": {
    "syslog": {
      "version": "0.1.1-1",
      "resolved": "https://registry.npmjs.org/syslog/-/syslog-0.1.1-1.tgz",
      "integrity": "sha512-7fn4sikkTRrc4kZk/i/ItCktnPD2qG+nKmgTVcuLr2VrY2V9adNhw9fN02HL6rTthwu2Og9Icr1GxZlaLp39Lg=="
    }
  }
}
